
Microsoft Visual Studio Solution File, Format Version 12.00
# Visual Studio Version 16
VisualStudioVersion = 16.0.29503.13
MinimumVisualStudioVersion = 10.0.40219.1
Project("{9A19103F-16F7-4668-BE54-9A1E7A4F7556}") = "app", "app\app.csproj", "{7794F69A-94EF-46F8-9D8C-E595C35D2536}"
EndProject
Global
	GlobalSection(SolutionConfigurationPlatforms) = preSolution
		Debug|Any CPU = Debug|Any CPU
		Release|Any CPU = Release|Any CPU
	EndGlobalSection
	GlobalSection(ProjectConfigurationPlatforms) = postSolution
		{7794F69A-94EF-46F8-9D8C-E595C35D2536}.Debug|Any CPU.ActiveCfg = Debug|Any CPU
		{7794F69A-94EF-46F8-9D8C-E595C35D2536}.Debug|Any CPU.Build.0 = Debug|Any CPU
		{7794F69A-94EF-46F8-9D8C-E595C35D2536}.Release|Any CPU.ActiveCfg = Release|Any CPU
		{7794F69A-94EF-46F8-9D8C-E595C35D2536}.Release|Any CPU.Build.0 = Release|Any CPU
	EndGlobalSection
	GlobalSection(SolutionProperties) = preSolution
		HideSolutionNode = FALSE
	EndGlobalSection
	GlobalSection(ExtensibilityGlobals) = postSolution
		SolutionGuid = {A49FE716-46C7-4F42-8A20-493F951ABBC7}
	EndGlobalSection
EndGlobal
